
Microsoft Visual Studio Solution File, Format Version 12.00
# Visual Studio Version 16
VisualStudioVersion = 16.0.30204.135
MinimumVisualStudioVersion = 10.0.40219.1
Project("{888888A0-9F3D-457C-B088-3A5042F75D52}") = "初めてのPython", "初めてのPython\初めてのPython.pyproj", "{BD42A742-E2EF-45C4-AF0C-704F5BF870BE}"
EndProject
Global
	GlobalSection(SolutionConfigurationPlatforms) = preSolution
		Debug|Any CPU = Debug|Any CPU
		Release|Any CPU = Release|Any CPU
	EndGlobalSection
	GlobalSection(ProjectConfigurationPlatforms) = postSolution
		{BD42A742-E2EF-45C4-AF0C-704F5BF870BE}.Debug|Any CPU.ActiveCfg = Debug|Any CPU
		{BD42A742-E2EF-45C4-AF0C-704F5BF870BE}.Release|Any CPU.ActiveCfg = Release|Any CPU
	EndGlobalSection
	GlobalSection(SolutionProperties) = preSolution
		HideSolutionNode = FALSE
	EndGlobalSection
	GlobalSection(ExtensibilityGlobals) = postSolution
		SolutionGuid = {0DDCD252-E255-4AFF-B31D-20D59433AF24}
	EndGlobalSection
EndGlobal
